
Microsoft Visual Studio Solution File, Format Version 12.00
# Visual Studio Version 16
VisualStudioVersion = 25.0.1706.7
MinimumVisualStudioVersion = 10.0.40219.1
Project("{FAE04EC0-301F-11D3-BF4B-00C04F79EFBC}") = "Server", "Server.csproj", "{736AC38A-DA0B-45E8-8577-B3F4F8488CCE}"
EndProject
Global
	GlobalSection(SolutionConfigurationPlatforms) = preSolution
		Debug|Any CPU = Debug|Any CPU
		Release|Any CPU = Release|Any CPU
	EndGlobalSection
	GlobalSection(ProjectConfigurationPlatforms) = postSolution
		{736AC38A-DA0B-45E8-8577-B3F4F8488CCE}.Debug|Any CPU.ActiveCfg = Debug|Any CPU
		{736AC38A-DA0B-45E8-8577-B3F4F8488CCE}.Debug|Any CPU.Build.0 = Debug|Any CPU
		{736AC38A-DA0B-45E8-8577-B3F4F8488CCE}.Release|Any CPU.ActiveCfg = Release|Any CPU
		{736AC38A-DA0B-45E8-8577-B3F4F8488CCE}.Release|Any CPU.Build.0 = Release|Any CPU
	EndGlobalSection
	GlobalSection(SolutionProperties) = preSolution
		HideSolutionNode = FALSE
	EndGlobalSection
	GlobalSection(ExtensibilityGlobals) = postSolution
		SolutionGuid = {356E9232-F479-4EBD-AF2E-DD4A2E94B875}
	EndGlobalSection
EndGlobal
